
Microsoft Visual Studio Solution File, Format Version 12.00
# Visual Studio Version 17
VisualStudioVersion = 17.0.31903.59
MinimumVisualStudioVersion = 10.0.40219.1
Project("{2150E333-8FDC-42A3-9474-1A3956D46DE8}") = "src", "src", "{5A7E3616-8ADD-4907-A138-713F2C084310}"
EndProject
Project("{FAE04EC0-301F-11D3-BF4B-00C04F79EFBC}") = "Demo", "src\Demo\Demo.csproj", "{E0C6FE58-9BB5-4040-9EB1-9D5E561EA6AA}"
EndProject
Project("{FAE04EC0-301F-11D3-BF4B-00C04F79EFBC}") = "Leonardo.Tests", "tests\Leonardo.Tests\Leonardo.Tests.csproj", "{DF5CD106-06BC-431F-9BD3-90641489CEBA}"
EndProject
Project("{FAE04EC0-301F-11D3-BF4B-00C04F79EFBC}") = "Leonardo", "src\Leonardo\Leonardo.csproj", "{FCAB1B97-9A18-45F9-878E-A97D238D9F6A}"
EndProject
Project("{FAE04EC0-301F-11D3-BF4B-00C04F79EFBC}") = "Leonardo.Web", "src\Leonardo.Web\Leonardo.Web.csproj", "{9B0EA454-4739-48F6-B394-48059EF72989}"
EndProject
Global
	GlobalSection(SolutionConfigurationPlatforms) = preSolution
		Debug|Any CPU = Debug|Any CPU
		Release|Any CPU = Release|Any CPU
	EndGlobalSection
	GlobalSection(SolutionProperties) = preSolution
		HideSolutionNode = FALSE
	EndGlobalSection
	GlobalSection(ProjectConfigurationPlatforms) = postSolution
		{E0C6FE58-9BB5-4040-9EB1-9D5E561EA6AA}.Debug|Any CPU.ActiveCfg = Debug|Any CPU
		{E0C6FE58-9BB5-4040-9EB1-9D5E561EA6AA}.Debug|Any CPU.Build.0 = Debug|Any CPU
		{E0C6FE58-9BB5-4040-9EB1-9D5E561EA6AA}.Release|Any CPU.ActiveCfg = Release|Any CPU
		{E0C6FE58-9BB5-4040-9EB1-9D5E561EA6AA}.Release|Any CPU.Build.0 = Release|Any CPU
		{DF5CD106-06BC-431F-9BD3-90641489CEBA}.Debug|Any CPU.ActiveCfg = Debug|Any CPU
		{DF5CD106-06BC-431F-9BD3-90641489CEBA}.Debug|Any CPU.Build.0 = Debug|Any CPU
		{DF5CD106-06BC-431F-9BD3-90641489CEBA}.Release|Any CPU.ActiveCfg = Release|Any CPU
		{DF5CD106-06BC-431F-9BD3-90641489CEBA}.Release|Any CPU.Build.0 = Release|Any CPU
		{FCAB1B97-9A18-45F9-878E-A97D238D9F6A}.Debug|Any CPU.ActiveCfg = Debug|Any CPU
		{FCAB1B97-9A18-45F9-878E-A97D238D9F6A}.Debug|Any CPU.Build.0 = Debug|Any CPU
		{FCAB1B97-9A18-45F9-878E-A97D238D9F6A}.Release|Any CPU.ActiveCfg = Release|Any CPU
		{FCAB1B97-9A18-45F9-878E-A97D238D9F6A}.Release|Any CPU.Build.0 = Release|Any CPU
		{9B0EA454-4739-48F6-B394-48059EF72989}.Debug|Any CPU.ActiveCfg = Debug|Any CPU
		{9B0EA454-4739-48F6-B394-48059EF72989}.Debug|Any CPU.Build.0 = Debug|Any CPU
		{9B0EA454-4739-48F6-B394-48059EF72989}.Release|Any CPU.ActiveCfg = Release|Any CPU
		{9B0EA454-4739-48F6-B394-48059EF72989}.Release|Any CPU.Build.0 = Release|Any CPU
	EndGlobalSection
	GlobalSection(NestedProjects) = preSolution
		{E0C6FE58-9BB5-4040-9EB1-9D5E561EA6AA} = {5A7E3616-8ADD-4907-A138-713F2C084310}
		{FCAB1B97-9A18-45F9-878E-A97D238D9F6A} = {5A7E3616-8ADD-4907-A138-713F2C084310}
		{9B0EA454-4739-48F6-B394-48059EF72989} = {5A7E3616-8ADD-4907-A138-713F2C084310}
	EndGlobalSection
EndGlobal
